{
  "name": "test2",
  "version": "0.0.0",
  "lockfileVersion": 1,
  "requires": true,
  "dependencies": {
    "@nestjs/microservices": {
      "version": "5.5.0",
      "resolved": "https://registry.npmjs.org/@nestjs/microservices/-/microservices-5.5.0.tgz",
      "integrity": "sha512-sOZ2+dPxHvb+RNbmn4wo+MFg9ZHxx9N9RGZmlYQEJQ+s4zk0rJBalzJhKNuNkiL6oJDYYNom98YhWRVvuAkvwg==",
      "requires": {
        "iterare": "0.0.8",
        "json-socket": "0.2.1",
        "optional": "0.1.4"
      }
    },
    "iterare": {
      "version": "0.0.8",
      "resolved": "https://registry.npmjs.org/iterare/-/iterare-0.0.8.tgz",
      "integrity": "sha1-qWmoCh+/9rePKHdllNe8K9+raq0="
    },
    "json-socket": {
      "version": "0.2.1",
      "resolved": "https://registry.npmjs.org/json-socket/-/json-socket-0.2.1.tgz",
      "integrity": "sha1-JuftjMEx8XqgE2wyBo9HO12++yI="
    },
    "optional": {
      "version": "0.1.4",
      "resolved": "https://registry.npmjs.org/optional/-/optional-0.1.4.tgz",
      "integrity": "sha512-gtvrrCfkE08wKcgXaVwQVgwEQ8vel2dc5DDBn9RLQZ3YtmtkBss6A2HY6BnJH4N/4Ku97Ri/SF8sNWE2225WJw=="
    }
  }
}
